{
  "name": "bs-xstate",
  "version": "0.1.0",
  "lockfileVersion": 1,
  "requires": true,
  "dependencies": {
    "bs-platform": {
      "version": "4.0.18",
      "dev": true
    },
    "xstate": {
      "version": "4.2.3",
      "resolved": "https://registry.npmjs.org/xstate/-/xstate-4.2.3.tgz",
      "integrity": "sha512-tmNkrOEM9qY5SlL63x+KtEaxMs9/r44TCscMLAOPWOae1rVG8Ltty8QFV55p19fvr3KCpfta70DPr5AVtxQDgA=="
    }
  }
}
